// !$*UTF8*$!
{
	archiveVersion = 1;
	classes = {
	};
	objectVersion = 56;
	objects = {

/* Begin PBXBuildFile section */
		231F48612C4404A300C5C676 /* AuthorizationView.swift in Sources */ = {isa = PBXBuildFile; fileRef = 231F48602C4404A300C5C676 /* AuthorizationView.swift */; };
		231F48632C4554A200C5C676 /* AuthorizationViewModel.swift in Sources */ = {isa = PBXBuildFile; fileRef = 231F48622C4554A200C5C676 /* AuthorizationViewModel.swift */; };
		232FE0492C68BDBB009E9B79 /* HostName.swift in Sources */ = {isa = PBXBuildFile; fileRef = 232FE0482C68BDBB009E9B79 /* HostName.swift */; };
		232FE04B2C6A24C0009E9B79 /* NetworkErrors.swift in Sources */ = {isa = PBXBuildFile; fileRef = 232FE04A2C6A24C0009E9B79 /* NetworkErrors.swift */; };
		234A0D432C6F329300205986 /* CustomTextFieldModifier.swift in Sources */ = {isa = PBXBuildFile; fileRef = 234A0D422C6F329300205986 /* CustomTextFieldModifier.swift */; };
		2351242F2C0105A30005D8C9 /* LiveStreamApp.swift in Sources */ = {isa = PBXBuildFile; fileRef = 2351242E2C0105A30005D8C9 /* LiveStreamApp.swift */; };
		235124312C0105A30005D8C9 /* ContentView.swift in Sources */ = {isa = PBXBuildFile; fileRef = 235124302C0105A30005D8C9 /* ContentView.swift */; };
		235124332C0105A50005D8C9 /* Assets.xcassets in Resources */ = {isa = PBXBuildFile; fileRef = 235124322C0105A50005D8C9 /* Assets.xcassets */; };
		235124362C0105A50005D8C9 /* Preview Assets.xcassets in Resources */ = {isa = PBXBuildFile; fileRef = 235124352C0105A50005D8C9 /* Preview Assets.xcassets */; };
		2351244F2C010C250005D8C9 /* MainTabView.swift in Sources */ = {isa = PBXBuildFile; fileRef = 2351244E2C010C250005D8C9 /* MainTabView.swift */; };
		235124512C0118540005D8C9 /* OnlineBroadcasts.swift in Sources */ = {isa = PBXBuildFile; fileRef = 235124502C0118540005D8C9 /* OnlineBroadcasts.swift */; };
		235124532C011A080005D8C9 /* FeedCell.swift in Sources */ = {isa = PBXBuildFile; fileRef = 235124522C011A080005D8C9 /* FeedCell.swift */; };
		235124592C01321E0005D8C9 /* NotificationsView.swift in Sources */ = {isa = PBXBuildFile; fileRef = 235124582C01321E0005D8C9 /* NotificationsView.swift */; };
		2351245B2C01322C0005D8C9 /* NotificationCell.swift in Sources */ = {isa = PBXBuildFile; fileRef = 2351245A2C01322C0005D8C9 /* NotificationCell.swift */; };
		2351245D2C0135920005D8C9 /* CurrentUserProfileView.swift in Sources */ = {isa = PBXBuildFile; fileRef = 2351245C2C0135920005D8C9 /* CurrentUserProfileView.swift */; };
		2351245F2C0136330005D8C9 /* ProfileHeaderView.swift in Sources */ = {isa = PBXBuildFile; fileRef = 2351245E2C0136330005D8C9 /* ProfileHeaderView.swift */; };
		235124612C01363E0005D8C9 /* PostGridView.swift in Sources */ = {isa = PBXBuildFile; fileRef = 235124602C01363E0005D8C9 /* PostGridView.swift */; };
		235124662C0139970005D8C9 /* UserStatView.swift in Sources */ = {isa = PBXBuildFile; fileRef = 235124652C0139970005D8C9 /* UserStatView.swift */; };
		235124682C021FA80005D8C9 /* Post.swift in Sources */ = {isa = PBXBuildFile; fileRef = 235124672C021FA80005D8C9 /* Post.swift */; };
		2351246E2C0220150005D8C9 /* FeedViewModel.swift in Sources */ = {isa = PBXBuildFile; fileRef = 2351246D2C0220150005D8C9 /* FeedViewModel.swift */; };
		235124702C022F8E0005D8C9 /* CustomVideoPlayer.swift in Sources */ = {isa = PBXBuildFile; fileRef = 2351246F2C022F8E0005D8C9 /* CustomVideoPlayer.swift */; };
		2352A50A2C6F974D00368314 /* FormField.swift in Sources */ = {isa = PBXBuildFile; fileRef = 2352A5092C6F974D00368314 /* FormField.swift */; };
		2352A50C2C6F9C2C00368314 /* RequirementText.swift in Sources */ = {isa = PBXBuildFile; fileRef = 2352A50B2C6F9C2C00368314 /* RequirementText.swift */; };
		2376C85C2C1A6EB900D990F8 /* MainViewModel.swift in Sources */ = {isa = PBXBuildFile; fileRef = 2376C85B2C1A6EB900D990F8 /* MainViewModel.swift */; };
		2376C85E2C1A6FE700D990F8 /* MapView.swift in Sources */ = {isa = PBXBuildFile; fileRef = 2376C85D2C1A6FE700D990F8 /* MapView.swift */; };
		2376C8642C1B106300D990F8 /* LocationManager.swift in Sources */ = {isa = PBXBuildFile; fileRef = 2376C8632C1B106300D990F8 /* LocationManager.swift */; };
		2376C86E2C23200F00D990F8 /* NetworkManager.swift in Sources */ = {isa = PBXBuildFile; fileRef = 2376C86D2C23200F00D990F8 /* NetworkManager.swift */; };
		2376C8B02C29CA1D00D990F8 /* DisplayYourGeolocation.swift in Sources */ = {isa = PBXBuildFile; fileRef = 2376C8AF2C29CA1D00D990F8 /* DisplayYourGeolocation.swift */; };
		2376C8B42C2CC1B900D990F8 /* UserDetailsView.swift in Sources */ = {isa = PBXBuildFile; fileRef = 2376C8B32C2CC1B900D990F8 /* UserDetailsView.swift */; };
		2376C8D62C3174CB00D990F8 /* SendMessageView.swift in Sources */ = {isa = PBXBuildFile; fileRef = 2376C8D52C3174CB00D990F8 /* SendMessageView.swift */; };
		2376C8D82C31D89600D990F8 /* UsersInfoView.swift in Sources */ = {isa = PBXBuildFile; fileRef = 2376C8D72C31D89600D990F8 /* UsersInfoView.swift */; };
		23826D4C2C47D35E005F2180 /* AuthRegistrationNetworkService.swift in Sources */ = {isa = PBXBuildFile; fileRef = 23826D4B2C47D35E005F2180 /* AuthRegistrationNetworkService.swift */; };
		2395AC512C64FCE300790B90 /* URLSessionPinningDelegate.swift in Sources */ = {isa = PBXBuildFile; fileRef = 2395AC502C64FCE300790B90 /* URLSessionPinningDelegate.swift */; };
		2395AC552C652B4C00790B90 /* certificate.der in Resources */ = {isa = PBXBuildFile; fileRef = 2395AC542C652B4C00790B90 /* certificate.der */; };
		23C5E49F2C04CDC700A76759 /* CameraManager.swift in Sources */ = {isa = PBXBuildFile; fileRef = 23C5E4992C04CDC700A76759 /* CameraManager.swift */; };
		23C5E4A02C04CDC700A76759 /* CIImage + Extension.swift in Sources */ = {isa = PBXBuildFile; fileRef = 23C5E49A2C04CDC700A76759 /* CIImage + Extension.swift */; };
		23C5E4A12C04CDC700A76759 /* CMSampleBuffer +Extension.swift in Sources */ = {isa = PBXBuildFile; fileRef = 23C5E49B2C04CDC700A76759 /* CMSampleBuffer +Extension.swift */; };
		23C5E4A22C04CDC700A76759 /* BroadcastView.swift in Sources */ = {isa = PBXBuildFile; fileRef = 23C5E49C2C04CDC700A76759 /* BroadcastView.swift */; };
		23C5E4A32C04CDC700A76759 /* ViewModel.swift in Sources */ = {isa = PBXBuildFile; fileRef = 23C5E49D2C04CDC700A76759 /* ViewModel.swift */; };
		23CBEDDF2C74BFCF0071973B /* EndPointType.swift in Sources */ = {isa = PBXBuildFile; fileRef = 23CBEDDE2C74BFCF0071973B /* EndPointType.swift */; };
		23CBEDE12C74C0680071973B /* HTTPMethod.swift in Sources */ = {isa = PBXBuildFile; fileRef = 23CBEDE02C74C0680071973B /* HTTPMethod.swift */; };
		23CBEDE42C74C0B90071973B /* HTTPTask.swift in Sources */ = {isa = PBXBuildFile; fileRef = 23CBEDE32C74C0B90071973B /* HTTPTask.swift */; };
		23CBEDE82C74F5E30071973B /* UserSettingsView.swift in Sources */ = {isa = PBXBuildFile; fileRef = 23CBEDE72C74F5E30071973B /* UserSettingsView.swift */; };
		23CBEDEA2C74F6B30071973B /* UserFollowersView.swift in Sources */ = {isa = PBXBuildFile; fileRef = 23CBEDE92C74F6B30071973B /* UserFollowersView.swift */; };
		23CBEDEC2C74F7750071973B /* UserFollowingView.swift in Sources */ = {isa = PBXBuildFile; fileRef = 23CBEDEB2C74F7750071973B /* UserFollowingView.swift */; };
		23CBEDEE2C74F7A50071973B /* UserLikesView.swift in Sources */ = {isa = PBXBuildFile; fileRef = 23CBEDED2C74F7A50071973B /* UserLikesView.swift */; };
		23CBEDF02C74F8E20071973B /* ProfileViewModel.swift in Sources */ = {isa = PBXBuildFile; fileRef = 23CBEDEF2C74F8E20071973B /* ProfileViewModel.swift */; };
		23F8C9B92C0757C9006DAB2A /* BroadcastButtons.swift in Sources */ = {isa = PBXBuildFile; fileRef = 23F8C9B82C0757C9006DAB2A /* BroadcastButtons.swift */; };
/* End PBXBuildFile section */

/* Begin PBXFileReference section */
		231F48602C4404A300C5C676 /* AuthorizationView.swift */ = {isa = PBXFileReference; lastKnownFileType = sourcecode.swift; path = AuthorizationView.swift; sourceTree = "<group>"; };
		231F48622C4554A200C5C676 /* AuthorizationViewModel.swift */ = {isa = PBXFileReference; lastKnownFileType = sourcecode.swift; path = AuthorizationViewModel.swift; sourceTree = "<group>"; };
		232FE0482C68BDBB009E9B79 /* HostName.swift */ = {isa = PBXFileReference; lastKnownFileType = sourcecode.swift; path = HostName.swift; sourceTree = "<group>"; };
		232FE04A2C6A24C0009E9B79 /* NetworkErrors.swift */ = {isa = PBXFileReference; lastKnownFileType = sourcecode.swift; path = NetworkErrors.swift; sourceTree = "<group>"; };
		234A0D422C6F329300205986 /* CustomTextFieldModifier.swift */ = {isa = PBXFileReference; lastKnownFileType = sourcecode.swift; path = CustomTextFieldModifier.swift; sourceTree = "<group>"; };
		2351242B2C0105A30005D8C9 /* LiveStream.app */ = {isa = PBXFileReference; explicitFileType = wrapper.application; includeInIndex = 0; path = LiveStream.app; sourceTree = BUILT_PRODUCTS_DIR; };
		2351242E2C0105A30005D8C9 /* LiveStreamApp.swift */ = {isa = PBXFileReference; lastKnownFileType = sourcecode.swift; path = LiveStreamApp.swift; sourceTree = "<group>"; };
		235124302C0105A30005D8C9 /* ContentView.swift */ = {isa = PBXFileReference; lastKnownFileType = sourcecode.swift; path = ContentView.swift; sourceTree = "<group>"; };
		235124322C0105A50005D8C9 /* Assets.xcassets */ = {isa = PBXFileReference; lastKnownFileType = folder.assetcatalog; path = Assets.xcassets; sourceTree = "<group>"; };
		235124352C0105A50005D8C9 /* Preview Assets.xcassets */ = {isa = PBXFileReference; lastKnownFileType = folder.assetcatalog; path = "Preview Assets.xcassets"; sourceTree = "<group>"; };
		2351244E2C010C250005D8C9 /* MainTabView.swift */ = {isa = PBXFileReference; lastKnownFileType = sourcecode.swift; path = MainTabView.swift; sourceTree = "<group>"; };
		235124502C0118540005D8C9 /* OnlineBroadcasts.swift */ = {isa = PBXFileReference; lastKnownFileType = sourcecode.swift; path = OnlineBroadcasts.swift; sourceTree = "<group>"; };
		235124522C011A080005D8C9 /* FeedCell.swift */ = {isa = PBXFileReference; lastKnownFileType = sourcecode.swift; path = FeedCell.swift; sourceTree = "<group>"; };
		235124582C01321E0005D8C9 /* NotificationsView.swift */ = {isa = PBXFileReference; lastKnownFileType = sourcecode.swift; path = NotificationsView.swift; sourceTree = "<group>"; };
		2351245A2C01322C0005D8C9 /* NotificationCell.swift */ = {isa = PBXFileReference; lastKnownFileType = sourcecode.swift; path = NotificationCell.swift; sourceTree = "<group>"; };
		2351245C2C0135920005D8C9 /* CurrentUserProfileView.swift */ = {isa = PBXFileReference; lastKnownFileType = sourcecode.swift; path = CurrentUserProfileView.swift; sourceTree = "<group>"; };
		2351245E2C0136330005D8C9 /* ProfileHeaderView.swift */ = {isa = PBXFileReference; lastKnownFileType = sourcecode.swift; path = ProfileHeaderView.swift; sourceTree = "<group>"; };
		235124602C01363E0005D8C9 /* PostGridView.swift */ = {isa = PBXFileReference; lastKnownFileType = sourcecode.swift; path = PostGridView.swift; sourceTree = "<group>"; };
		235124652C0139970005D8C9 /* UserStatView.swift */ = {isa = PBXFileReference; lastKnownFileType = sourcecode.swift; path = UserStatView.swift; sourceTree = "<group>"; };
		235124672C021FA80005D8C9 /* Post.swift */ = {isa = PBXFileReference; lastKnownFileType = sourcecode.swift; path = Post.swift; sourceTree = "<group>"; };
		2351246D2C0220150005D8C9 /* FeedViewModel.swift */ = {isa = PBXFileReference; lastKnownFileType = sourcecode.swift; path = FeedViewModel.swift; sourceTree = "<group>"; };
		2351246F2C022F8E0005D8C9 /* CustomVideoPlayer.swift */ = {isa = PBXFileReference; lastKnownFileType = sourcecode.swift; path = CustomVideoPlayer.swift; sourceTree = "<group>"; };
		2352A5092C6F974D00368314 /* FormField.swift */ = {isa = PBXFileReference; lastKnownFileType = sourcecode.swift; path = FormField.swift; sourceTree = "<group>"; };
		2352A50B2C6F9C2C00368314 /* RequirementText.swift */ = {isa = PBXFileReference; lastKnownFileType = sourcecode.swift; path = RequirementText.swift; sourceTree = "<group>"; };
		2376C85B2C1A6EB900D990F8 /* MainViewModel.swift */ = {isa = PBXFileReference; lastKnownFileType = sourcecode.swift; path = MainViewModel.swift; sourceTree = "<group>"; };
		2376C85D2C1A6FE700D990F8 /* MapView.swift */ = {isa = PBXFileReference; lastKnownFileType = sourcecode.swift; path = MapView.swift; sourceTree = "<group>"; };
		2376C8632C1B106300D990F8 /* LocationManager.swift */ = {isa = PBXFileReference; lastKnownFileType = sourcecode.swift; path = LocationManager.swift; sourceTree = "<group>"; };
		2376C8652C1B2CF500D990F8 /* Info.plist */ = {isa = PBXFileReference; lastKnownFileType = text.plist; path = Info.plist; sourceTree = "<group>"; };
		2376C86D2C23200F00D990F8 /* NetworkManager.swift */ = {isa = PBXFileReference; lastKnownFileType = sourcecode.swift; path = NetworkManager.swift; sourceTree = "<group>"; };
		2376C8AF2C29CA1D00D990F8 /* DisplayYourGeolocation.swift */ = {isa = PBXFileReference; lastKnownFileType = sourcecode.swift; path = DisplayYourGeolocation.swift; sourceTree = "<group>"; };
		2376C8B32C2CC1B900D990F8 /* UserDetailsView.swift */ = {isa = PBXFileReference; lastKnownFileType = sourcecode.swift; path = UserDetailsView.swift; sourceTree = "<group>"; };
		2376C8D52C3174CB00D990F8 /* SendMessageView.swift */ = {isa = PBXFileReference; lastKnownFileType = sourcecode.swift; path = SendMessageView.swift; sourceTree = "<group>"; };
		2376C8D72C31D89600D990F8 /* UsersInfoView.swift */ = {isa = PBXFileReference; lastKnownFileType = sourcecode.swift; path = UsersInfoView.swift; sourceTree = "<group>"; };
		23826D4B2C47D35E005F2180 /* AuthRegistrationNetworkService.swift */ = {isa = PBXFileReference; lastKnownFileType = sourcecode.swift; path = AuthRegistrationNetworkService.swift; sourceTree = "<group>"; };
		2395AC502C64FCE300790B90 /* URLSessionPinningDelegate.swift */ = {isa = PBXFileReference; lastKnownFileType = sourcecode.swift; path = URLSessionPinningDelegate.swift; sourceTree = "<group>"; };
		2395AC542C652B4C00790B90 /* certificate.der */ = {isa = PBXFileReference; lastKnownFileType = file; path = certificate.der; sourceTree = "<group>"; };
		23C5E4992C04CDC700A76759 /* CameraManager.swift */ = {isa = PBXFileReference; fileEncoding = 4; lastKnownFileType = sourcecode.swift; path = CameraManager.swift; sourceTree = "<group>"; };
		23C5E49A2C04CDC700A76759 /* CIImage + Extension.swift */ = {isa = PBXFileReference; fileEncoding = 4; lastKnownFileType = sourcecode.swift; path = "CIImage + Extension.swift"; sourceTree = "<group>"; };
		23C5E49B2C04CDC700A76759 /* CMSampleBuffer +Extension.swift */ = {isa = PBXFileReference; fileEncoding = 4; lastKnownFileType = sourcecode.swift; path = "CMSampleBuffer +Extension.swift"; sourceTree = "<group>"; };
		23C5E49C2C04CDC700A76759 /* BroadcastView.swift */ = {isa = PBXFileReference; fileEncoding = 4; lastKnownFileType = sourcecode.swift; path = BroadcastView.swift; sourceTree = "<group>"; };
		23C5E49D2C04CDC700A76759 /* ViewModel.swift */ = {isa = PBXFileReference; fileEncoding = 4; lastKnownFileType = sourcecode.swift; path = ViewModel.swift; sourceTree = "<group>"; };
		23CBEDDE2C74BFCF0071973B /* EndPointType.swift */ = {isa = PBXFileReference; lastKnownFileType = sourcecode.swift; path = EndPointType.swift; sourceTree = "<group>"; };
		23CBEDE02C74C0680071973B /* HTTPMethod.swift */ = {isa = PBXFileReference; lastKnownFileType = sourcecode.swift; path = HTTPMethod.swift; sourceTree = "<group>"; };
		23CBEDE32C74C0B90071973B /* HTTPTask.swift */ = {isa = PBXFileReference; lastKnownFileType = sourcecode.swift; path = HTTPTask.swift; sourceTree = "<group>"; };
		23CBEDE72C74F5E30071973B /* UserSettingsView.swift */ = {isa = PBXFileReference; lastKnownFileType = sourcecode.swift; path = UserSettingsView.swift; sourceTree = "<group>"; };
		23CBEDE92C74F6B30071973B /* UserFollowersView.swift */ = {isa = PBXFileReference; lastKnownFileType = sourcecode.swift; path = UserFollowersView.swift; sourceTree = "<group>"; };
		23CBEDEB2C74F7750071973B /* UserFollowingView.swift */ = {isa = PBXFileReference; lastKnownFileType = sourcecode.swift; path = UserFollowingView.swift; sourceTree = "<group>"; };
		23CBEDED2C74F7A50071973B /* UserLikesView.swift */ = {isa = PBXFileReference; lastKnownFileType = sourcecode.swift; path = UserLikesView.swift; sourceTree = "<group>"; };
		23CBEDEF2C74F8E20071973B /* ProfileViewModel.swift */ = {isa = PBXFileReference; lastKnownFileType = sourcecode.swift; path = ProfileViewModel.swift; sourceTree = "<group>"; };
		23F8C9B82C0757C9006DAB2A /* BroadcastButtons.swift */ = {isa = PBXFileReference; lastKnownFileType = sourcecode.swift; path = BroadcastButtons.swift; sourceTree = "<group>"; };
/* End PBXFileReference section */

/* Begin PBXFrameworksBuildPhase section */
		235124282C0105A30005D8C9 /* Frameworks */ = {
			isa = PBXFrameworksBuildPhase;
			buildActionMask = 2147483647;
			files = (
			);
			runOnlyForDeploymentPostprocessing = 0;
		};
/* End PBXFrameworksBuildPhase section */

/* Begin PBXGroup section */
		231F485F2C44045F00C5C676 /* Authorization */ = {
			isa = PBXGroup;
			children = (
				2398416B2C7233F5005E8B3C /* NetworkService */,
				2398416A2C7233D7005E8B3C /* Views */,
				2398416C2C723402005E8B3C /* ViewModel */,
			);
			path = Authorization;
			sourceTree = "<group>";
		};
		232FE04C2C6A253F009E9B79 /* NetworkServices */ = {
			isa = PBXGroup;
			children = (
				232FE04A2C6A24C0009E9B79 /* NetworkErrors.swift */,
				2376C86D2C23200F00D990F8 /* NetworkManager.swift */,
			);
			path = NetworkServices;
			sourceTree = "<group>";
		};
		235124222C0105A30005D8C9 = {
			isa = PBXGroup;
			children = (
				2351242D2C0105A30005D8C9 /* LiveStream */,
				2351242C2C0105A30005D8C9 /* Products */,
			);
			sourceTree = "<group>";
		};
		2351242C2C0105A30005D8C9 /* Products */ = {
			isa = PBXGroup;
			children = (
				2351242B2C0105A30005D8C9 /* LiveStream.app */,
			);
			name = Products;
			sourceTree = "<group>";
		};
		2351242D2C0105A30005D8C9 /* LiveStream */ = {
			isa = PBXGroup;
			children = (
				2395AC542C652B4C00790B90 /* certificate.der */,
				2376C8652C1B2CF500D990F8 /* Info.plist */,
				23CBEDDD2C74BF480071973B /* NetworkLayer */,
				235124432C01091F0005D8C9 /* App */,
				235124422C01091D0005D8C9 /* Core */,
				232FE04C2C6A253F009E9B79 /* NetworkServices */,
				235124402C0109180005D8C9 /* Model */,
				235124322C0105A50005D8C9 /* Assets.xcassets */,
				235124342C0105A50005D8C9 /* Preview Content */,
				232FE0482C68BDBB009E9B79 /* HostName.swift */,
			);
			path = LiveStream;
			sourceTree = "<group>";
		};
		235124342C0105A50005D8C9 /* Preview Content */ = {
			isa = PBXGroup;
			children = (
				235124352C0105A50005D8C9 /* Preview Assets.xcassets */,
			);
			path = "Preview Content";
			sourceTree = "<group>";
		};
		235124402C0109180005D8C9 /* Model */ = {
			isa = PBXGroup;
			children = (
				2376C85B2C1A6EB900D990F8 /* MainViewModel.swift */,
				235124672C021FA80005D8C9 /* Post.swift */,
			);
			path = Model;
			sourceTree = "<group>";
		};
		235124422C01091D0005D8C9 /* Core */ = {
			isa = PBXGroup;
			children = (
				231F485F2C44045F00C5C676 /* Authorization */,
				2351244B2C0109A20005D8C9 /* Components  */,
				2376C86C2C2236F400D990F8 /* CoreLocation */,
				23C5E49E2C04CDC700A76759 /* CreateBroadcast */,
				2351244A2C0109A10005D8C9 /* Feed */,
				235124492C01099D0005D8C9 /* Notifications */,
				235124482C01099C0005D8C9 /* Profile */,
				235124472C01099A0005D8C9 /* Root */,
				235124462C0109970005D8C9 /* Map */,
				235124452C0109950005D8C9 /* TabBar */,
			);
			path = Core;
			sourceTree = "<group>";
		};
		235124432C01091F0005D8C9 /* App */ = {
			isa = PBXGroup;
			children = (
				2351242E2C0105A30005D8C9 /* LiveStreamApp.swift */,
			);
			path = App;
			sourceTree = "<group>";
		};
		235124452C0109950005D8C9 /* TabBar */ = {
			isa = PBXGroup;
			children = (
				2351244E2C010C250005D8C9 /* MainTabView.swift */,
			);
			path = TabBar;
			sourceTree = "<group>";
		};
		235124462C0109970005D8C9 /* Map */ = {
			isa = PBXGroup;
			children = (
				2376C8612C1B0FE200D990F8 /* Views */,
			);
			path = Map;
			sourceTree = "<group>";
		};
		235124472C01099A0005D8C9 /* Root */ = {
			isa = PBXGroup;
			children = (
				235124302C0105A30005D8C9 /* ContentView.swift */,
			);
			path = Root;
			sourceTree = "<group>";
		};
		235124482C01099C0005D8C9 /* Profile */ = {
			isa = PBXGroup;
			children = (
				2351245C2C0135920005D8C9 /* CurrentUserProfileView.swift */,
				23CBEDF22C74FAAB0071973B /* ViewModel */,
				23CBEDF12C74FA970071973B /* Views */,
			);
			path = Profile;
			sourceTree = "<group>";
		};
		235124492C01099D0005D8C9 /* Notifications */ = {
			isa = PBXGroup;
			children = (
				235124582C01321E0005D8C9 /* NotificationsView.swift */,
				2351245A2C01322C0005D8C9 /* NotificationCell.swift */,
			);
			path = Notifications;
			sourceTree = "<group>";
		};
		2351244A2C0109A10005D8C9 /* Feed */ = {
			isa = PBXGroup;
			children = (
				2351246C2C021FFA0005D8C9 /* VIewModel */,
				2351246A2C021FEC0005D8C9 /* View */,
				235124692C021FE30005D8C9 /* Service */,
			);
			path = Feed;
			sourceTree = "<group>";
		};
		2351244B2C0109A20005D8C9 /* Components  */ = {
			isa = PBXGroup;
			children = (
				2351246F2C022F8E0005D8C9 /* CustomVideoPlayer.swift */,
			);
			path = "Components ";
			sourceTree = "<group>";
		};
		235124692C021FE30005D8C9 /* Service */ = {
			isa = PBXGroup;
			children = (
			);
			path = Service;
			sourceTree = "<group>";
		};
		2351246A2C021FEC0005D8C9 /* View */ = {
			isa = PBXGroup;
			children = (
				235124502C0118540005D8C9 /* OnlineBroadcasts.swift */,
				2376C8D72C31D89600D990F8 /* UsersInfoView.swift */,
				235124522C011A080005D8C9 /* FeedCell.swift */,
				2376C8D52C3174CB00D990F8 /* SendMessageView.swift */,
			);
			path = View;
			sourceTree = "<group>";
		};
		2351246C2C021FFA0005D8C9 /* VIewModel */ = {
			isa = PBXGroup;
			children = (
				2351246D2C0220150005D8C9 /* FeedViewModel.swift */,
			);
			path = VIewModel;
			sourceTree = "<group>";
		};
		2376C8612C1B0FE200D990F8 /* Views */ = {
			isa = PBXGroup;
			children = (
				2376C85D2C1A6FE700D990F8 /* MapView.swift */,
				2376C8B32C2CC1B900D990F8 /* UserDetailsView.swift */,
				2376C8AF2C29CA1D00D990F8 /* DisplayYourGeolocation.swift */,
			);
			path = Views;
			sourceTree = "<group>";
		};
		2376C86C2C2236F400D990F8 /* CoreLocation */ = {
			isa = PBXGroup;
			children = (
				2376C8632C1B106300D990F8 /* LocationManager.swift */,
			);
			path = CoreLocation;
			sourceTree = "<group>";
		};
		2398416A2C7233D7005E8B3C /* Views */ = {
			isa = PBXGroup;
			children = (
				231F48602C4404A300C5C676 /* AuthorizationView.swift */,
				2352A5092C6F974D00368314 /* FormField.swift */,
				234A0D422C6F329300205986 /* CustomTextFieldModifier.swift */,
				2352A50B2C6F9C2C00368314 /* RequirementText.swift */,
			);
			path = Views;
			sourceTree = "<group>";
		};
		2398416B2C7233F5005E8B3C /* NetworkService */ = {
			isa = PBXGroup;
			children = (
				23826D4B2C47D35E005F2180 /* AuthRegistrationNetworkService.swift */,
				2395AC502C64FCE300790B90 /* URLSessionPinningDelegate.swift */,
			);
			path = NetworkService;
			sourceTree = "<group>";
		};
		2398416C2C723402005E8B3C /* ViewModel */ = {
			isa = PBXGroup;
			children = (
				231F48622C4554A200C5C676 /* AuthorizationViewModel.swift */,
			);
			path = ViewModel;
			sourceTree = "<group>";
		};
		23C5E49E2C04CDC700A76759 /* CreateBroadcast */ = {
			isa = PBXGroup;
			children = (
				23F8C9BA2C0759BC006DAB2A /* CameraManager */,
				23F8C9BB2C075A01006DAB2A /* Views */,
				23C5E49D2C04CDC700A76759 /* ViewModel.swift */,
			);
			path = CreateBroadcast;
			sourceTree = "<group>";
		};
		23CBEDDD2C74BF480071973B /* NetworkLayer */ = {
			isa = PBXGroup;
			children = (
				23CBEDE22C74C0830071973B /* Service */,
				23CBEDDE2C74BFCF0071973B /* EndPointType.swift */,
			);
			path = NetworkLayer;
			sourceTree = "<group>";
		};
		23CBEDE22C74C0830071973B /* Service */ = {
			isa = PBXGroup;
			children = (
				23CBEDE02C74C0680071973B /* HTTPMethod.swift */,
				23CBEDE32C74C0B90071973B /* HTTPTask.swift */,
			);
			path = Service;
			sourceTree = "<group>";
		};
		23CBEDF12C74FA970071973B /* Views */ = {
			isa = PBXGroup;
			children = (
				23CBEDF32C74FD460071973B /* UserStatsListView */,
				23CBEDE72C74F5E30071973B /* UserSettingsView.swift */,
				235124602C01363E0005D8C9 /* PostGridView.swift */,
				2351245E2C0136330005D8C9 /* ProfileHeaderView.swift */,
			);
			path = Views;
			sourceTree = "<group>";
		};
		23CBEDF22C74FAAB0071973B /* ViewModel */ = {
			isa = PBXGroup;
			children = (
				23CBEDEF2C74F8E20071973B /* ProfileViewModel.swift */,
			);
			path = ViewModel;
			sourceTree = "<group>";
		};
		23CBEDF32C74FD460071973B /* UserStatsListView */ = {
			isa = PBXGroup;
			children = (
				23CBEDE92C74F6B30071973B /* UserFollowersView.swift */,
				23CBEDEB2C74F7750071973B /* UserFollowingView.swift */,
				23CBEDED2C74F7A50071973B /* UserLikesView.swift */,
				235124652C0139970005D8C9 /* UserStatView.swift */,
			);
			path = UserStatsListView;
			sourceTree = "<group>";
		};
		23F8C9BA2C0759BC006DAB2A /* CameraManager */ = {
			isa = PBXGroup;
			children = (
				23C5E4992C04CDC700A76759 /* CameraManager.swift */,
				23C5E49A2C04CDC700A76759 /* CIImage + Extension.swift */,
				23C5E49B2C04CDC700A76759 /* CMSampleBuffer +Extension.swift */,
			);
			path = CameraManager;
			sourceTree = "<group>";
		};
		23F8C9BB2C075A01006DAB2A /* Views */ = {
			isa = PBXGroup;
			children = (
				23C5E49C2C04CDC700A76759 /* BroadcastView.swift */,
				23F8C9B82C0757C9006DAB2A /* BroadcastButtons.swift */,
			);
			path = Views;
			sourceTree = "<group>";
		};
/* End PBXGroup section */

/* Begin PBXNativeTarget section */
		2351242A2C0105A30005D8C9 /* LiveStream */ = {
			isa = PBXNativeTarget;
			buildConfigurationList = 235124392C0105A50005D8C9 /* Build configuration list for PBXNativeTarget "LiveStream" */;
			buildPhases = (
				235124272C0105A30005D8C9 /* Sources */,
				235124282C0105A30005D8C9 /* Frameworks */,
				235124292C0105A30005D8C9 /* Resources */,
			);
			buildRules = (
			);
			dependencies = (
			);
			name = LiveStream;
			productName = LiveStream;
			productReference = 2351242B2C0105A30005D8C9 /* LiveStream.app */;
			productType = "com.apple.product-type.application";
		};
/* End PBXNativeTarget section */

/* Begin PBXProject section */
		235124232C0105A30005D8C9 /* Project object */ = {
			isa = PBXProject;
			attributes = {
				BuildIndependentTargetsInParallel = 1;
				LastSwiftUpdateCheck = 1540;
				LastUpgradeCheck = 1540;
				TargetAttributes = {
					2351242A2C0105A30005D8C9 = {
						CreatedOnToolsVersion = 15.4;
					};
				};
			};
			buildConfigurationList = 235124262C0105A30005D8C9 /* Build configuration list for PBXProject "LiveStream" */;
			compatibilityVersion = "Xcode 14.0";
			developmentRegion = en;
			hasScannedForEncodings = 0;
			knownRegions = (
				en,
				Base,
			);
			mainGroup = 235124222C0105A30005D8C9;
			productRefGroup = 2351242C2C0105A30005D8C9 /* Products */;
			projectDirPath = "";
			projectRoot = "";
			targets = (
				2351242A2C0105A30005D8C9 /* LiveStream */,
			);
		};
/* End PBXProject section */

/* Begin PBXResourcesBuildPhase section */
		235124292C0105A30005D8C9 /* Resources */ = {
			isa = PBXResourcesBuildPhase;
			buildActionMask = 2147483647;
			files = (
				235124362C0105A50005D8C9 /* Preview Assets.xcassets in Resources */,
				2395AC552C652B4C00790B90 /* certificate.der in Resources */,
				235124332C0105A50005D8C9 /* Assets.xcassets in Resources */,
			);
			runOnlyForDeploymentPostprocessing = 0;
		};
/* End PBXResourcesBuildPhase section */

/* Begin PBXSourcesBuildPhase section */
		235124272C0105A30005D8C9 /* Sources */ = {
			isa = PBXSourcesBuildPhase;
			buildActionMask = 2147483647;
			files = (
				2352A50C2C6F9C2C00368314 /* RequirementText.swift in Sources */,
				235124512C0118540005D8C9 /* OnlineBroadcasts.swift in Sources */,
				234A0D432C6F329300205986 /* CustomTextFieldModifier.swift in Sources */,
				235124702C022F8E0005D8C9 /* CustomVideoPlayer.swift in Sources */,
				2351245B2C01322C0005D8C9 /* NotificationCell.swift in Sources */,
				23C5E4A22C04CDC700A76759 /* BroadcastView.swift in Sources */,
				2351245F2C0136330005D8C9 /* ProfileHeaderView.swift in Sources */,
				231F48612C4404A300C5C676 /* AuthorizationView.swift in Sources */,
				23CBEDEE2C74F7A50071973B /* UserLikesView.swift in Sources */,
				235124532C011A080005D8C9 /* FeedCell.swift in Sources */,
				235124312C0105A30005D8C9 /* ContentView.swift in Sources */,
				2376C8B02C29CA1D00D990F8 /* DisplayYourGeolocation.swift in Sources */,
				2376C8B42C2CC1B900D990F8 /* UserDetailsView.swift in Sources */,
				23CBEDEC2C74F7750071973B /* UserFollowingView.swift in Sources */,
				2351246E2C0220150005D8C9 /* FeedViewModel.swift in Sources */,
				23CBEDEA2C74F6B30071973B /* UserFollowersView.swift in Sources */,
				23CBEDE82C74F5E30071973B /* UserSettingsView.swift in Sources */,
				23CBEDF02C74F8E20071973B /* ProfileViewModel.swift in Sources */,
				232FE0492C68BDBB009E9B79 /* HostName.swift in Sources */,
				235124682C021FA80005D8C9 /* Post.swift in Sources */,
				2376C85E2C1A6FE700D990F8 /* MapView.swift in Sources */,
				2351242F2C0105A30005D8C9 /* LiveStreamApp.swift in Sources */,
				235124662C0139970005D8C9 /* UserStatView.swift in Sources */,
				2351244F2C010C250005D8C9 /* MainTabView.swift in Sources */,
				2376C8D82C31D89600D990F8 /* UsersInfoView.swift in Sources */,
				23C5E4A32C04CDC700A76759 /* ViewModel.swift in Sources */,
				2352A50A2C6F974D00368314 /* FormField.swift in Sources */,
				23CBEDDF2C74BFCF0071973B /* EndPointType.swift in Sources */,
				2376C8D62C3174CB00D990F8 /* SendMessageView.swift in Sources */,
				2376C86E2C23200F00D990F8 /* NetworkManager.swift in Sources */,
				235124612C01363E0005D8C9 /* PostGridView.swift in Sources */,
				23C5E4A02C04CDC700A76759 /* CIImage + Extension.swift in Sources */,
				232FE04B2C6A24C0009E9B79 /* NetworkErrors.swift in Sources */,
				23826D4C2C47D35E005F2180 /* AuthRegistrationNetworkService.swift in Sources */,
				2351245D2C0135920005D8C9 /* CurrentUserProfileView.swift in Sources */,
				23F8C9B92C0757C9006DAB2A /* BroadcastButtons.swift in Sources */,
				231F48632C4554A200C5C676 /* AuthorizationViewModel.swift in Sources */,
				23CBEDE12C74C0680071973B /* HTTPMethod.swift in Sources */,
				23C5E4A12C04CDC700A76759 /* CMSampleBuffer +Extension.swift in Sources */,
				2376C8642C1B106300D990F8 /* LocationManager.swift in Sources */,
				235124592C01321E0005D8C9 /* NotificationsView.swift in Sources */,
				23CBEDE42C74C0B90071973B /* HTTPTask.swift in Sources */,
				2376C85C2C1A6EB900D990F8 /* MainViewModel.swift in Sources */,
				23C5E49F2C04CDC700A76759 /* CameraManager.swift in Sources */,
				2395AC512C64FCE300790B90 /* URLSessionPinningDelegate.swift in Sources */,
			);
			runOnlyForDeploymentPostprocessing = 0;
		};
/* End PBXSourcesBuildPhase section */

/* Begin XCBuildConfiguration section */
		235124372C0105A50005D8C9 /* Debug */ = {
			isa = XCBuildConfiguration;
			buildSettings = {
				ALWAYS_SEARCH_USER_PATHS = NO;
				ASSETCATALOG_COMPILER_GENERATE_SWIFT_ASSET_SYMBOL_EXTENSIONS = YES;
				CLANG_ANALYZER_NONNULL = YES;
				CLANG_ANALYZER_NUMBER_OBJECT_CONVERSION = YES_AGGRESSIVE;
				CLANG_CXX_LANGUAGE_STANDARD = "gnu++20";
				CLANG_ENABLE_MODULES = YES;
				CLANG_ENABLE_OBJC_ARC = YES;
				CLANG_ENABLE_OBJC_WEAK = YES;
				CLANG_WARN_BLOCK_CAPTURE_AUTORELEASING = YES;
				CLANG_WARN_BOOL_CONVERSION = YES;
				CLANG_WARN_COMMA = YES;
				CLANG_WARN_CONSTANT_CONVERSION = YES;
				CLANG_WARN_DEPRECATED_OBJC_IMPLEMENTATIONS = YES;
				CLANG_WARN_DIRECT_OBJC_ISA_USAGE = YES_ERROR;
				CLANG_WARN_DOCUMENTATION_COMMENTS = YES;
				CLANG_WARN_EMPTY_BODY = YES;
				CLANG_WARN_ENUM_CONVERSION = YES;
				CLANG_WARN_INFINITE_RECURSION = YES;
				CLANG_WARN_INT_CONVERSION = YES;
				CLANG_WARN_NON_LITERAL_NULL_CONVERSION = YES;
				CLANG_WARN_OBJC_IMPLICIT_RETAIN_SELF = YES;
				CLANG_WARN_OBJC_LITERAL_CONVERSION = YES;
				CLANG_WARN_OBJC_ROOT_CLASS = YES_ERROR;
				CLANG_WARN_QUOTED_INCLUDE_IN_FRAMEWORK_HEADER = YES;
				CLANG_WARN_RANGE_LOOP_ANALYSIS = YES;
				CLANG_WARN_STRICT_PROTOTYPES = YES;
				CLANG_WARN_SUSPICIOUS_MOVE = YES;
				CLANG_WARN_UNGUARDED_AVAILABILITY = YES_AGGRESSIVE;
				CLANG_WARN_UNREACHABLE_CODE = YES;
				CLANG_WARN__DUPLICATE_METHOD_MATCH = YES;
				COPY_PHASE_STRIP = NO;
				DEBUG_INFORMATION_FORMAT = dwarf;
				ENABLE_STRICT_OBJC_MSGSEND = YES;
				ENABLE_TESTABILITY = YES;
				ENABLE_USER_SCRIPT_SANDBOXING = YES;
				GCC_C_LANGUAGE_STANDARD = gnu17;
				GCC_DYNAMIC_NO_PIC = NO;
				GCC_NO_COMMON_BLOCKS = YES;
				GCC_OPTIMIZATION_LEVEL = 0;
				GCC_PREPROCESSOR_DEFINITIONS = (
					"DEBUG=1",
					"$(inherited)",
				);
				GCC_WARN_64_TO_32_BIT_CONVERSION = YES;
				GCC_WARN_ABOUT_RETURN_TYPE = YES_ERROR;
				GCC_WARN_UNDECLARED_SELECTOR = YES;
				GCC_WARN_UNINITIALIZED_AUTOS = YES_AGGRESSIVE;
				GCC_WARN_UNUSED_FUNCTION = YES;
				GCC_WARN_UNUSED_VARIABLE = YES;
				IPHONEOS_DEPLOYMENT_TARGET = 17.5;
				LOCALIZATION_PREFERS_STRING_CATALOGS = YES;
				MTL_ENABLE_DEBUG_INFO = INCLUDE_SOURCE;
				MTL_FAST_MATH = YES;
				ONLY_ACTIVE_ARCH = YES;
				SDKROOT = iphoneos;
				SWIFT_ACTIVE_COMPILATION_CONDITIONS = "DEBUG $(inherited)";
				SWIFT_OPTIMIZATION_LEVEL = "-Onone";
			};
			name = Debug;
		};
		235124382C0105A50005D8C9 /* Release */ = {
			isa = XCBuildConfiguration;
			buildSettings = {
				ALWAYS_SEARCH_USER_PATHS = NO;
				ASSETCATALOG_COMPILER_GENERATE_SWIFT_ASSET_SYMBOL_EXTENSIONS = YES;
				CLANG_ANALYZER_NONNULL = YES;
				CLANG_ANALYZER_NUMBER_OBJECT_CONVERSION = YES_AGGRESSIVE;
				CLANG_CXX_LANGUAGE_STANDARD = "gnu++20";
				CLANG_ENABLE_MODULES = YES;
				CLANG_ENABLE_OBJC_ARC = YES;
				CLANG_ENABLE_OBJC_WEAK = YES;
				CLANG_WARN_BLOCK_CAPTURE_AUTORELEASING = YES;
				CLANG_WARN_BOOL_CONVERSION = YES;
				CLANG_WARN_COMMA = YES;
				CLANG_WARN_CONSTANT_CONVERSION = YES;
				CLANG_WARN_DEPRECATED_OBJC_IMPLEMENTATIONS = YES;
				CLANG_WARN_DIRECT_OBJC_ISA_USAGE = YES_ERROR;
				CLANG_WARN_DOCUMENTATION_COMMENTS = YES;
				CLANG_WARN_EMPTY_BODY = YES;
				CLANG_WARN_ENUM_CONVERSION = YES;
				CLANG_WARN_INFINITE_RECURSION = YES;
				CLANG_WARN_INT_CONVERSION = YES;
				CLANG_WARN_NON_LITERAL_NULL_CONVERSION = YES;
				CLANG_WARN_OBJC_IMPLICIT_RETAIN_SELF = YES;
				CLANG_WARN_OBJC_LITERAL_CONVERSION = YES;
				CLANG_WARN_OBJC_ROOT_CLASS = YES_ERROR;
				CLANG_WARN_QUOTED_INCLUDE_IN_FRAMEWORK_HEADER = YES;
				CLANG_WARN_RANGE_LOOP_ANALYSIS = YES;
				CLANG_WARN_STRICT_PROTOTYPES = YES;
				CLANG_WARN_SUSPICIOUS_MOVE = YES;
				CLANG_WARN_UNGUARDED_AVAILABILITY = YES_AGGRESSIVE;
				CLANG_WARN_UNREACHABLE_CODE = YES;
				CLANG_WARN__DUPLICATE_METHOD_MATCH = YES;
				COPY_PHASE_STRIP = NO;
				DEBUG_INFORMATION_FORMAT = "dwarf-with-dsym";
				ENABLE_NS_ASSERTIONS = NO;
				ENABLE_STRICT_OBJC_MSGSEND = YES;
				ENABLE_USER_SCRIPT_SANDBOXING = YES;
				GCC_C_LANGUAGE_STANDARD = gnu17;
				GCC_NO_COMMON_BLOCKS = YES;
				GCC_WARN_64_TO_32_BIT_CONVERSION = YES;
				GCC_WARN_ABOUT_RETURN_TYPE = YES_ERROR;
				GCC_WARN_UNDECLARED_SELECTOR = YES;
				GCC_WARN_UNINITIALIZED_AUTOS = YES_AGGRESSIVE;
				GCC_WARN_UNUSED_FUNCTION = YES;
				GCC_WARN_UNUSED_VARIABLE = YES;
				IPHONEOS_DEPLOYMENT_TARGET = 17.5;
				LOCALIZATION_PREFERS_STRING_CATALOGS = YES;
				MTL_ENABLE_DEBUG_INFO = NO;
				MTL_FAST_MATH = YES;
				SDKROOT = iphoneos;
				SWIFT_COMPILATION_MODE = wholemodule;
				VALIDATE_PRODUCT = YES;
			};
			name = Release;
		};
		2351243A2C0105A50005D8C9 /* Debug */ = {
			isa = XCBuildConfiguration;
			buildSettings = {
				ASSETCATALOG_COMPILER_APPICON_NAME = AppIcon;
				ASSETCATALOG_COMPILER_GLOBAL_ACCENT_COLOR_NAME = AccentColor;
				CODE_SIGN_STYLE = Automatic;
				CURRENT_PROJECT_VERSION = 1;
				DEVELOPMENT_ASSET_PATHS = "\"LiveStream/Preview Content\"";
				DEVELOPMENT_TEAM = 4RAF86LK9V;
				ENABLE_PREVIEWS = YES;
				GENERATE_INFOPLIST_FILE = YES;
				INFOPLIST_FILE = LiveStream/Info.plist;
				INFOPLIST_KEY_NSCameraUsageDescription = "";
				INFOPLIST_KEY_NSLocationAlwaysAndWhenInUseUsageDescription = "";
				INFOPLIST_KEY_NSLocationWhenInUseUsageDescription = "Show the iser location";
				INFOPLIST_KEY_NSMicrophoneUsageDescription = "";
				INFOPLIST_KEY_UIApplicationSceneManifest_Generation = YES;
				INFOPLIST_KEY_UILaunchScreen_Generation = YES;
				INFOPLIST_KEY_UISupportedInterfaceOrientations_iPad = "UIInterfaceOrientationPortrait UIInterfaceOrientationPortraitUpsideDown UIInterfaceOrientationLandscapeLeft UIInterfaceOrientationLandscapeRight";
				INFOPLIST_KEY_UISupportedInterfaceOrientations_iPhone = "UIInterfaceOrientationPortrait UIInterfaceOrientationLandscapeLeft UIInterfaceOrientationLandscapeRight";
				INFOPLIST_KEY_UIUserInterfaceStyle = Dark;
				LD_RUNPATH_SEARCH_PATHS = (
					"$(inherited)",
					"@executable_path/Frameworks",
				);
				MARKETING_VERSION = 1.0;
				OTHER_LDFLAGS = "";
				PRODUCT_BUNDLE_IDENTIFIER = com.yourcompany.FaceDetectionSystem.LiveStream;
				PRODUCT_NAME = "$(TARGET_NAME)";
				SWIFT_EMIT_LOC_STRINGS = YES;
				SWIFT_VERSION = 5.0;
				TARGETED_DEVICE_FAMILY = "1,2";
			};
			name = Debug;
		};
		2351243B2C0105A50005D8C9 /* Release */ = {
			isa = XCBuildConfiguration;
			buildSettings = {
				ASSETCATALOG_COMPILER_APPICON_NAME = AppIcon;
				ASSETCATALOG_COMPILER_GLOBAL_ACCENT_COLOR_NAME = AccentColor;
				CODE_SIGN_STYLE = Automatic;
				CURRENT_PROJECT_VERSION = 1;
				DEVELOPMENT_ASSET_PATHS = "\"LiveStream/Preview Content\"";
				DEVELOPMENT_TEAM = 4RAF86LK9V;
				ENABLE_PREVIEWS = YES;
				GENERATE_INFOPLIST_FILE = YES;
				INFOPLIST_FILE = LiveStream/Info.plist;
				INFOPLIST_KEY_NSCameraUsageDescription = "";
				INFOPLIST_KEY_NSLocationAlwaysAndWhenInUseUsageDescription = "";
				INFOPLIST_KEY_NSLocationWhenInUseUsageDescription = "Show the iser location";
				INFOPLIST_KEY_NSMicrophoneUsageDescription = "";
				INFOPLIST_KEY_UIApplicationSceneManifest_Generation = YES;
				INFOPLIST_KEY_UILaunchScreen_Generation = YES;
				INFOPLIST_KEY_UISupportedInterfaceOrientations_iPad = "UIInterfaceOrientationPortrait UIInterfaceOrientationPortraitUpsideDown UIInterfaceOrientationLandscapeLeft UIInterfaceOrientationLandscapeRight";
				INFOPLIST_KEY_UISupportedInterfaceOrientations_iPhone = "UIInterfaceOrientationPortrait UIInterfaceOrientationLandscapeLeft UIInterfaceOrientationLandscapeRight";
				INFOPLIST_KEY_UIUserInterfaceStyle = Dark;
				LD_RUNPATH_SEARCH_PATHS = (
					"$(inherited)",
					"@executable_path/Frameworks",
				);
				MARKETING_VERSION = 1.0;
				OTHER_LDFLAGS = "";
				PRODUCT_BUNDLE_IDENTIFIER = com.yourcompany.FaceDetectionSystem.LiveStream;
				PRODUCT_NAME = "$(TARGET_NAME)";
				SWIFT_EMIT_LOC_STRINGS = YES;
				SWIFT_VERSION = 5.0;
				TARGETED_DEVICE_FAMILY = "1,2";
			};
			name = Release;
		};
/* End XCBuildConfiguration section */

/* Begin XCConfigurationList section */
		235124262C0105A30005D8C9 /* Build configuration list for PBXProject "LiveStream" */ = {
			isa = XCConfigurationList;
			buildConfigurations = (
				235124372C0105A50005D8C9 /* Debug */,
				235124382C0105A50005D8C9 /* Release */,
			);
			defaultConfigurationIsVisible = 0;
			defaultConfigurationName = Release;
		};
		235124392C0105A50005D8C9 /* Build configuration list for PBXNativeTarget "LiveStream" */ = {
			isa = XCConfigurationList;
			buildConfigurations = (
				2351243A2C0105A50005D8C9 /* Debug */,
				2351243B2C0105A50005D8C9 /* Release */,
			);
			defaultConfigurationIsVisible = 0;
			defaultConfigurationName = Release;
		};
/* End XCConfigurationList section */
	};
	rootObject = 235124232C0105A30005D8C9 /* Project object */;
}
